// !$*UTF8*$!
{
	archiveVersion = 1;
	classes = {
	};
	objectVersion = 46;
	objects = {

/* Begin PBXBuildFile section */
		F49B48401E5EB3B40079409C /* IconPickerViewController.swift in Sources */ = {isa = PBXBuildFile; fileRef = F49B483F1E5EB3B40079409C /* IconPickerViewController.swift */; };
		F4B072611E1D7ECA00768094 /* ItemDetailViewController.swift in Sources */ = {isa = PBXBuildFile; fileRef = F4B072601E1D7ECA00768094 /* ItemDetailViewController.swift */; };
		F4B49E3B1DE658EF002152AD /* AppDelegate.swift in Sources */ = {isa = PBXBuildFile; fileRef = F4B49E3A1DE658EF002152AD /* AppDelegate.swift */; };
		F4B49E3D1DE658EF002152AD /* ChecklistViewController.swift in Sources */ = {isa = PBXBuildFile; fileRef = F4B49E3C1DE658EF002152AD /* ChecklistViewController.swift */; };
		F4B49E401DE658EF002152AD /* Main.storyboard in Resources */ = {isa = PBXBuildFile; fileRef = F4B49E3E1DE658EF002152AD /* Main.storyboard */; };
		F4B49E421DE658EF002152AD /* Assets.xcassets in Resources */ = {isa = PBXBuildFile; fileRef = F4B49E411DE658EF002152AD /* Assets.xcassets */; };
		F4BCDDB11E283AE90002298D /* AllListsViewController.swift in Sources */ = {isa = PBXBuildFile; fileRef = F4BCDDB01E283AE90002298D /* AllListsViewController.swift */; };
		F4BCDDB31E28501D0002298D /* Checklist.swift in Sources */ = {isa = PBXBuildFile; fileRef = F4BCDDB21E28501D0002298D /* Checklist.swift */; };
		F4BCDDB51E3034660002298D /* ListDetailViewController.swift in Sources */ = {isa = PBXBuildFile; fileRef = F4BCDDB41E3034660002298D /* ListDetailViewController.swift */; };
		F4BCDDB71E32DCEC0002298D /* DataModel.swift in Sources */ = {isa = PBXBuildFile; fileRef = F4BCDDB61E32DCEC0002298D /* DataModel.swift */; };
		F4D97D3A1DFCBAB200ABB684 /* ChecklistItem.swift in Sources */ = {isa = PBXBuildFile; fileRef = F4D97D391DFCBAB200ABB684 /* ChecklistItem.swift */; };
/* End PBXBuildFile section */

/* Begin PBXFileReference section */
		F49B483F1E5EB3B40079409C /* IconPickerViewController.swift */ = {isa = PBXFileReference; fileEncoding = 4; lastKnownFileType = sourcecode.swift; path = IconPickerViewController.swift; sourceTree = "<group>"; };
		F4B072601E1D7ECA00768094 /* ItemDetailViewController.swift */ = {isa = PBXFileReference; fileEncoding = 4; lastKnownFileType = sourcecode.swift; lineEnding = 0; name = ItemDetailViewController.swift; path = ../ItemDetailViewController.swift; sourceTree = "<group>"; xcLanguageSpecificationIdentifier = xcode.lang.swift; };
		F4B49E371DE658EF002152AD /* Checklists.app */ = {isa = PBXFileReference; explicitFileType = wrapper.application; includeInIndex = 0; path = Checklists.app; sourceTree = BUILT_PRODUCTS_DIR; };
		F4B49E3A1DE658EF002152AD /* AppDelegate.swift */ = {isa = PBXFileReference; lastKnownFileType = sourcecode.swift; path = AppDelegate.swift; sourceTree = "<group>"; };
		F4B49E3C1DE658EF002152AD /* ChecklistViewController.swift */ = {isa = PBXFileReference; lastKnownFileType = sourcecode.swift; lineEnding = 0; path = ChecklistViewController.swift; sourceTree = "<group>"; xcLanguageSpecificationIdentifier = xcode.lang.swift; };
		F4B49E3F1DE658EF002152AD /* Base */ = {isa = PBXFileReference; lastKnownFileType = file.storyboard; name = Base; path = Base.lproj/Main.storyboard; sourceTree = "<group>"; };
		F4B49E411DE658EF002152AD /* Assets.xcassets */ = {isa = PBXFileReference; lastKnownFileType = folder.assetcatalog; path = Assets.xcassets; sourceTree = "<group>"; };
		F4B49E461DE658EF002152AD /* Info.plist */ = {isa = PBXFileReference; lastKnownFileType = text.plist.xml; path = Info.plist; sourceTree = "<group>"; };
		F4BCDDB01E283AE90002298D /* AllListsViewController.swift */ = {isa = PBXFileReference; fileEncoding = 4; lastKnownFileType = sourcecode.swift; path = AllListsViewController.swift; sourceTree = "<group>"; };
		F4BCDDB21E28501D0002298D /* Checklist.swift */ = {isa = PBXFileReference; fileEncoding = 4; lastKnownFileType = sourcecode.swift; path = Checklist.swift; sourceTree = "<group>"; };
		F4BCDDB41E3034660002298D /* ListDetailViewController.swift */ = {isa = PBXFileReference; fileEncoding = 4; lastKnownFileType = sourcecode.swift; path = ListDetailViewController.swift; sourceTree = "<group>"; };
		F4BCDDB61E32DCEC0002298D /* DataModel.swift */ = {isa = PBXFileReference; fileEncoding = 4; lastKnownFileType = sourcecode.swift; path = DataModel.swift; sourceTree = "<group>"; };
		F4D97D391DFCBAB200ABB684 /* ChecklistItem.swift */ = {isa = PBXFileReference; fileEncoding = 4; lastKnownFileType = sourcecode.swift; path = ChecklistItem.swift; sourceTree = "<group>"; };
/* End PBXFileReference section */

/* Begin PBXFrameworksBuildPhase section */
		F4B49E341DE658EF002152AD /* Frameworks */ = {
			isa = PBXFrameworksBuildPhase;
			buildActionMask = 2147483647;
			files = (
			);
			runOnlyForDeploymentPostprocessing = 0;
		};
/* End PBXFrameworksBuildPhase section */

/* Begin PBXGroup section */
		F4B49E2E1DE658EF002152AD = {
			isa = PBXGroup;
			children = (
				F4B49E391DE658EF002152AD /* Checklits */,
				F4B49E381DE658EF002152AD /* Products */,
			);
			sourceTree = "<group>";
		};
		F4B49E381DE658EF002152AD /* Products */ = {
			isa = PBXGroup;
			children = (
				F4B49E371DE658EF002152AD /* Checklists.app */,
			);
			name = Products;
			sourceTree = "<group>";
		};
		F4B49E391DE658EF002152AD /* Checklits */ = {
			isa = PBXGroup;
			children = (
				F4B49E3A1DE658EF002152AD /* AppDelegate.swift */,
				F4B49E3E1DE658EF002152AD /* Main.storyboard */,
				F4B49E411DE658EF002152AD /* Assets.xcassets */,
				F4B49E461DE658EF002152AD /* Info.plist */,
				F4B49E3C1DE658EF002152AD /* ChecklistViewController.swift */,
				F4B072601E1D7ECA00768094 /* ItemDetailViewController.swift */,
				F4D97D391DFCBAB200ABB684 /* ChecklistItem.swift */,
				F4BCDDB01E283AE90002298D /* AllListsViewController.swift */,
				F4BCDDB41E3034660002298D /* ListDetailViewController.swift */,
				F4BCDDB21E28501D0002298D /* Checklist.swift */,
				F4BCDDB61E32DCEC0002298D /* DataModel.swift */,
				F49B483F1E5EB3B40079409C /* IconPickerViewController.swift */,
			);
			name = Checklits;
			path = Checklist;
			sourceTree = "<group>";
		};
/* End PBXGroup section */

/* Begin PBXNativeTarget section */
		F4B49E361DE658EF002152AD /* Checklists */ = {
			isa = PBXNativeTarget;
			buildConfigurationList = F4B49E491DE658EF002152AD /* Build configuration list for PBXNativeTarget "Checklists" */;
			buildPhases = (
				F4B49E331DE658EF002152AD /* Sources */,
				F4B49E341DE658EF002152AD /* Frameworks */,
				F4B49E351DE658EF002152AD /* Resources */,
			);
			buildRules = (
			);
			dependencies = (
			);
			name = Checklists;
			productName = Checklist;
			productReference = F4B49E371DE658EF002152AD /* Checklists.app */;
			productType = "com.apple.product-type.application";
		};
/* End PBXNativeTarget section */

/* Begin PBXProject section */
		F4B49E2F1DE658EF002152AD /* Project object */ = {
			isa = PBXProject;
			attributes = {
				LastSwiftUpdateCheck = 0810;
				LastUpgradeCheck = 0820;
				ORGANIZATIONNAME = Shree;
				TargetAttributes = {
					F4B49E361DE658EF002152AD = {
						CreatedOnToolsVersion = 8.1;
						DevelopmentTeam = 3J5NQUDS65;
						ProvisioningStyle = Automatic;
					};
				};
			};
			buildConfigurationList = F4B49E321DE658EF002152AD /* Build configuration list for PBXProject "Checklists" */;
			compatibilityVersion = "Xcode 3.2";
			developmentRegion = English;
			hasScannedForEncodings = 0;
			knownRegions = (
				en,
				Base,
			);
			mainGroup = F4B49E2E1DE658EF002152AD;
			productRefGroup = F4B49E381DE658EF002152AD /* Products */;
			projectDirPath = "";
			projectRoot = "";
			targets = (
				F4B49E361DE658EF002152AD /* Checklists */,
			);
		};
/* End PBXProject section */

/* Begin PBXResourcesBuildPhase section */
		F4B49E351DE658EF002152AD /* Resources */ = {
			isa = PBXResourcesBuildPhase;
			buildActionMask = 2147483647;
			files = (
				F4B49E421DE658EF002152AD /* Assets.xcassets in Resources */,
				F4B49E401DE658EF002152AD /* Main.storyboard in Resources */,
			);
			runOnlyForDeploymentPostprocessing = 0;
		};
/* End PBXResourcesBuildPhase section */

/* Begin PBXSourcesBuildPhase section */
		F4B49E331DE658EF002152AD /* Sources */ = {
			isa = PBXSourcesBuildPhase;
			buildActionMask = 2147483647;
			files = (
				F4B49E3D1DE658EF002152AD /* ChecklistViewController.swift in Sources */,
				F4BCDDB51E3034660002298D /* ListDetailViewController.swift in Sources */,
				F4B072611E1D7ECA00768094 /* ItemDetailViewController.swift in Sources */,
				F49B48401E5EB3B40079409C /* IconPickerViewController.swift in Sources */,
				F4BCDDB31E28501D0002298D /* Checklist.swift in Sources */,
				F4D97D3A1DFCBAB200ABB684 /* ChecklistItem.swift in Sources */,
				F4BCDDB71E32DCEC0002298D /* DataModel.swift in Sources */,
				F4BCDDB11E283AE90002298D /* AllListsViewController.swift in Sources */,
				F4B49E3B1DE658EF002152AD /* AppDelegate.swift in Sources */,
			);
			runOnlyForDeploymentPostprocessing = 0;
		};
/* End PBXSourcesBuildPhase section */

/* Begin PBXVariantGroup section */
		F4B49E3E1DE658EF002152AD /* Main.storyboard */ = {
			isa = PBXVariantGroup;
			children = (
				F4B49E3F1DE658EF002152AD /* Base */,
			);
			name = Main.storyboard;
			sourceTree = "<group>";
		};
/* End PBXVariantGroup section */

/* Begin XCBuildConfiguration section */
		F4B49E471DE658EF002152AD /* Debug */ = {
			isa = XCBuildConfiguration;
			buildSettings = {
				ALWAYS_SEARCH_USER_PATHS = NO;
				CLANG_ANALYZER_NONNULL = YES;
				CLANG_CXX_LANGUAGE_STANDARD = "gnu++0x";
				CLANG_CXX_LIBRARY = "libc++";
				CLANG_ENABLE_MODULES = YES;
				CLANG_ENABLE_OBJC_ARC = YES;
				CLANG_WARN_BOOL_CONVERSION = YES;
				CLANG_WARN_CONSTANT_CONVERSION = YES;
				CLANG_WARN_DIRECT_OBJC_ISA_USAGE = YES_ERROR;
				CLANG_WARN_DOCUMENTATION_COMMENTS = YES;
				CLANG_WARN_EMPTY_BODY = YES;
				CLANG_WARN_ENUM_CONVERSION = YES;
				CLANG_WARN_INFINITE_RECURSION = YES;
				CLANG_WARN_INT_CONVERSION = YES;
				CLANG_WARN_OBJC_ROOT_CLASS = YES_ERROR;
				CLANG_WARN_SUSPICIOUS_MOVE = YES;
				CLANG_WARN_SUSPICIOUS_MOVES = YES;
				CLANG_WARN_UNREACHABLE_CODE = YES;
				CLANG_WARN__DUPLICATE_METHOD_MATCH = YES;
				"CODE_SIGN_IDENTITY[sdk=iphoneos*]" = "iPhone Developer";
				COPY_PHASE_STRIP = NO;
				DEBUG_INFORMATION_FORMAT = dwarf;
				ENABLE_STRICT_OBJC_MSGSEND = YES;
				ENABLE_TESTABILITY = YES;
				GCC_C_LANGUAGE_STANDARD = gnu99;
				GCC_DYNAMIC_NO_PIC = NO;
				GCC_NO_COMMON_BLOCKS = YES;
				GCC_OPTIMIZATION_LEVEL = 0;
				GCC_PREPROCESSOR_DEFINITIONS = (
					"DEBUG=1",
					"$(inherited)",
				);
				GCC_WARN_64_TO_32_BIT_CONVERSION = YES;
				GCC_WARN_ABOUT_RETURN_TYPE = YES_ERROR;
				GCC_WARN_UNDECLARED_SELECTOR = YES;
				GCC_WARN_UNINITIALIZED_AUTOS = YES_AGGRESSIVE;
				GCC_WARN_UNUSED_FUNCTION = YES;
				GCC_WARN_UNUSED_VARIABLE = YES;
				IPHONEOS_DEPLOYMENT_TARGET = 10.1;
				MTL_ENABLE_DEBUG_INFO = YES;
				ONLY_ACTIVE_ARCH = YES;
				SDKROOT = iphoneos;
				SWIFT_ACTIVE_COMPILATION_CONDITIONS = DEBUG;
				SWIFT_OPTIMIZATION_LEVEL = "-Onone";
			};
			name = Debug;
		};
		F4B49E481DE658EF002152AD /* Release */ = {
			isa = XCBuildConfiguration;
			buildSettings = {
				ALWAYS_SEARCH_USER_PATHS = NO;
				CLANG_ANALYZER_NONNULL = YES;
				CLANG_CXX_LANGUAGE_STANDARD = "gnu++0x";
				CLANG_CXX_LIBRARY = "libc++";
				CLANG_ENABLE_MODULES = YES;
				CLANG_ENABLE_OBJC_ARC = YES;
				CLANG_WARN_BOOL_CONVERSION = YES;
				CLANG_WARN_CONSTANT_CONVERSION = YES;
				CLANG_WARN_DIRECT_OBJC_ISA_USAGE = YES_ERROR;
				CLANG_WARN_DOCUMENTATION_COMMENTS = YES;
				CLANG_WARN_EMPTY_BODY = YES;
				CLANG_WARN_ENUM_CONVERSION = YES;
				CLANG_WARN_INFINITE_RECURSION = YES;
				CLANG_WARN_INT_CONVERSION = YES;
				CLANG_WARN_OBJC_ROOT_CLASS = YES_ERROR;
				CLANG_WARN_SUSPICIOUS_MOVE = YES;
				CLANG_WARN_SUSPICIOUS_MOVES = YES;
				CLANG_WARN_UNREACHABLE_CODE = YES;
				CLANG_WARN__DUPLICATE_METHOD_MATCH = YES;
				"CODE_SIGN_IDENTITY[sdk=iphoneos*]" = "iPhone Developer";
				COPY_PHASE_STRIP = NO;
				DEBUG_INFORMATION_FORMAT = "dwarf-with-dsym";
				ENABLE_NS_ASSERTIONS = NO;
				ENABLE_STRICT_OBJC_MSGSEND = YES;
				GCC_C_LANGUAGE_STANDARD = gnu99;
				GCC_NO_COMMON_BLOCKS = YES;
				GCC_WARN_64_TO_32_BIT_CONVERSION = YES;
				GCC_WARN_ABOUT_RETURN_TYPE = YES_ERROR;
				GCC_WARN_UNDECLARED_SELECTOR = YES;
				GCC_WARN_UNINITIALIZED_AUTOS = YES_AGGRESSIVE;
				GCC_WARN_UNUSED_FUNCTION = YES;
				GCC_WARN_UNUSED_VARIABLE = YES;
				IPHONEOS_DEPLOYMENT_TARGET = 10.1;
				MTL_ENABLE_DEBUG_INFO = NO;
				SDKROOT = iphoneos;
				SWIFT_OPTIMIZATION_LEVEL = "-Owholemodule";
				VALIDATE_PRODUCT = YES;
			};
			name = Release;
		};
		F4B49E4A1DE658EF002152AD /* Debug */ = {
			isa = XCBuildConfiguration;
			buildSettings = {
				ASSETCATALOG_COMPILER_APPICON_NAME = AppIcon;
				DEVELOPMENT_TEAM = 3J5NQUDS65;
				INFOPLIST_FILE = Checklist/Info.plist;
				LD_RUNPATH_SEARCH_PATHS = "$(inherited) @executable_path/Frameworks";
				PRODUCT_BUNDLE_IDENTIFIER = com.shree.Checklists;
				PRODUCT_NAME = "$(TARGET_NAME)";
				SWIFT_VERSION = 3.0;
			};
			name = Debug;
		};
		F4B49E4B1DE658EF002152AD /* Release */ = {
			isa = XCBuildConfiguration;
			buildSettings = {
				ASSETCATALOG_COMPILER_APPICON_NAME = AppIcon;
				DEVELOPMENT_TEAM = 3J5NQUDS65;
				INFOPLIST_FILE = Checklist/Info.plist;
				LD_RUNPATH_SEARCH_PATHS = "$(inherited) @executable_path/Frameworks";
				PRODUCT_BUNDLE_IDENTIFIER = com.shree.Checklists;
				PRODUCT_NAME = "$(TARGET_NAME)";
				SWIFT_VERSION = 3.0;
			};
			name = Release;
		};
/* End XCBuildConfiguration section */

/* Begin XCConfigurationList section */
		F4B49E321DE658EF002152AD /* Build configuration list for PBXProject "Checklists" */ = {
			isa = XCConfigurationList;
			buildConfigurations = (
				F4B49E471DE658EF002152AD /* Debug */,
				F4B49E481DE658EF002152AD /* Release */,
			);
			defaultConfigurationIsVisible = 0;
			defaultConfigurationName = Release;
		};
		F4B49E491DE658EF002152AD /* Build configuration list for PBXNativeTarget "Checklists" */ = {
			isa = XCConfigurationList;
			buildConfigurations = (
				F4B49E4A1DE658EF002152AD /* Debug */,
				F4B49E4B1DE658EF002152AD /* Release */,
			);
			defaultConfigurationIsVisible = 0;
			defaultConfigurationName = Release;
		};
/* End XCConfigurationList section */
	};
	rootObject = F4B49E2F1DE658EF002152AD /* Project object */;
}
